
Microsoft Visual Studio Solution File, Format Version 12.00
Project("{2150E333-8FDC-42A3-9474-1A3956D46DE8}") = "src", "src", "{95B00EAD-8B24-48CE-A422-7212E0C2F869}"
EndProject
Project("{2150E333-8FDC-42A3-9474-1A3956D46DE8}") = "Core", "Core", "{3DDB4BDA-C74A-44D4-B63F-814B5DE4DE6B}"
EndProject
Project("{FAE04EC0-301F-11D3-BF4B-00C04F79EFBC}") = "Cyrus.Core.Domain", "src\Core\Cyrus.Core.Domain\Cyrus.Core.Domain.csproj", "{3806F8DD-A892-4ED3-8E89-3D74C7BA0FDC}"
EndProject
Project("{FAE04EC0-301F-11D3-BF4B-00C04F79EFBC}") = "Cyrus.Core.ApplicationService", "src\Core\Cyrus.Core.ApplicationService\Cyrus.Core.ApplicationService.csproj", "{BD65F804-D034-413A-BA5E-66E1D3E8BCC5}"
EndProject
Project("{FAE04EC0-301F-11D3-BF4B-00C04F79EFBC}") = "Cyrus.Core.Contracts", "src\Core\Cyrus.Core.Contracts\Cyrus.Core.Contracts.csproj", "{2D113F70-4B98-4DEB-9477-D44432916BB6}"
EndProject
Project("{FAE04EC0-301F-11D3-BF4B-00C04F79EFBC}") = "Cyrus.Core.RequestResponse", "src\Core\Cyrus.Core.RequestResponse\Cyrus.Core.RequestResponse.csproj", "{62F97DCC-CC49-40FE-A559-A5E65D6C8D0B}"
EndProject
Project("{FAE04EC0-301F-11D3-BF4B-00C04F79EFBC}") = "Cyrus.Core.Domain.Toolkits", "src\Core\Cyrus.Core.Domain.Toolkits\Cyrus.Core.Domain.Toolkits.csproj", "{7CE46C19-BCAB-4D7B-9F2B-517944D96E50}"
EndProject
Project("{FAE04EC0-301F-11D3-BF4B-00C04F79EFBC}") = "Cyrus.Core.Plugins", "src\Core\Cyrus.Core.Plugins\Cyrus.Core.Plugins.csproj", "{8AF46C19-BCAB-4D7B-9F2B-517944D96E51}"
EndProject
Project("{2150E333-8FDC-42A3-9474-1A3956D46DE8}") = "Utilities", "Utilities", "{6DC18760-08A9-4C89-AA98-5290DA031F82}"
EndProject
Project("{FAE04EC0-301F-11D3-BF4B-00C04F79EFBC}") = "Cyrus.Utilities", "src\Utilities\Cyrus.Utilities\Cyrus.Utilities.csproj", "{2D119A70-2AB8-40D6-B166-25186F45BBD8}"
EndProject
Project("{2150E333-8FDC-42A3-9474-1A3956D46DE8}") = "Infrastructure", "Infrastructure", "{7CDF1AF1-7841-4624-B3B2-80706162F5BA}"
EndProject
Project("{FAE04EC0-301F-11D3-BF4B-00C04F79EFBC}") = "Cyrus.Infrastructure.Data.Sql", "src\Infrastructure\Cyrus.Infrastructure.Data.Sql\Cyrus.Infrastructure.Data.Sql.csproj", "{F6B8EE4D-0219-4721-B1BA-97FF4C76A4D3}"
EndProject
Project("{FAE04EC0-301F-11D3-BF4B-00C04F79EFBC}") = "Cyrus.Infrastructure.Data.Sql.Commands", "src\Infrastructure\Cyrus.Infrastructure.Data.Sql.Commands\Cyrus.Infrastructure.Data.Sql.Commands.csproj", "{573F13B7-1397-41D5-A9C0-A34AC62E70FB}"
EndProject
Project("{FAE04EC0-301F-11D3-BF4B-00C04F79EFBC}") = "Cyrus.Infrastructure.Data.Sql.Queries", "src\Infrastructure\Cyrus.Infrastructure.Data.Sql.Queries\Cyrus.Infrastructure.Data.Sql.Queries.csproj", "{BE8DCF52-D8D8-49E9-9659-7F7061D5C4BB}"
EndProject
Project("{2150E333-8FDC-42A3-9474-1A3956D46DE8}") = "EndPoints", "EndPoints", "{5912892B-B8C0-4529-915D-81801980C256}"
EndProject
Project("{2150E333-8FDC-42A3-9474-1A3956D46DE8}") = "Plugins", "Plugins", "{6912892B-B8C0-4529-915D-81801980C257}"
EndProject
Project("{FAE04EC0-301F-11D3-BF4B-00C04F79EFBC}") = "Cyrus.EndPoints.Web", "src\EndPoints\Cyrus.EndPoints.Web\Cyrus.EndPoints.Web.csproj", "{0E8F57ED-A919-44B0-9FF9-5DF3708C3E35}"
EndProject
Project("{FAE04EC0-301F-11D3-BF4B-00C04F79EFBC}") = "Cyrus.Plugins.HelloWorld", "src\Plugins\Cyrus.Plugins.HelloWorld\Cyrus.Plugins.HelloWorld.csproj", "{1E8F57ED-A919-44B0-9FF9-5DF3708C3E36}"
EndProject
Project("{2150E333-8FDC-42A3-9474-1A3956D46DE8}") = "tests", "tests", "{7912892B-B8C0-4529-915D-81801980C258}"
EndProject
Project("{FAE04EC0-301F-11D3-BF4B-00C04F79EFBC}") = "PluginSystemTest", "tests\PluginSystemTest\PluginSystemTest.csproj", "{2E8F57ED-A919-44B0-9FF9-5DF3708C3E37}"
EndProject
Global
	GlobalSection(SolutionConfigurationPlatforms) = preSolution
		Debug|Any CPU = Debug|Any CPU
		Release|Any CPU = Release|Any CPU
	EndGlobalSection
	GlobalSection(ProjectConfigurationPlatforms) = postSolution
		{3806F8DD-A892-4ED3-8E89-3D74C7BA0FDC}.Debug|Any CPU.ActiveCfg = Debug|Any CPU
		{3806F8DD-A892-4ED3-8E89-3D74C7BA0FDC}.Debug|Any CPU.Build.0 = Debug|Any CPU
		{3806F8DD-A892-4ED3-8E89-3D74C7BA0FDC}.Release|Any CPU.ActiveCfg = Release|Any CPU
		{3806F8DD-A892-4ED3-8E89-3D74C7BA0FDC}.Release|Any CPU.Build.0 = Release|Any CPU
		{BD65F804-D034-413A-BA5E-66E1D3E8BCC5}.Debug|Any CPU.ActiveCfg = Debug|Any CPU
		{BD65F804-D034-413A-BA5E-66E1D3E8BCC5}.Debug|Any CPU.Build.0 = Debug|Any CPU
		{BD65F804-D034-413A-BA5E-66E1D3E8BCC5}.Release|Any CPU.ActiveCfg = Release|Any CPU
		{BD65F804-D034-413A-BA5E-66E1D3E8BCC5}.Release|Any CPU.Build.0 = Release|Any CPU
		{2D113F70-4B98-4DEB-9477-D44432916BB6}.Debug|Any CPU.ActiveCfg = Debug|Any CPU
		{2D113F70-4B98-4DEB-9477-D44432916BB6}.Debug|Any CPU.Build.0 = Debug|Any CPU
		{2D113F70-4B98-4DEB-9477-D44432916BB6}.Release|Any CPU.ActiveCfg = Release|Any CPU
		{2D113F70-4B98-4DEB-9477-D44432916BB6}.Release|Any CPU.Build.0 = Release|Any CPU
		{62F97DCC-CC49-40FE-A559-A5E65D6C8D0B}.Debug|Any CPU.ActiveCfg = Debug|Any CPU
		{62F97DCC-CC49-40FE-A559-A5E65D6C8D0B}.Debug|Any CPU.Build.0 = Debug|Any CPU
		{62F97DCC-CC49-40FE-A559-A5E65D6C8D0B}.Release|Any CPU.ActiveCfg = Release|Any CPU
		{62F97DCC-CC49-40FE-A559-A5E65D6C8D0B}.Release|Any CPU.Build.0 = Release|Any CPU
		{7CE46C19-BCAB-4D7B-9F2B-517944D96E50}.Debug|Any CPU.ActiveCfg = Debug|Any CPU
		{7CE46C19-BCAB-4D7B-9F2B-517944D96E50}.Debug|Any CPU.Build.0 = Debug|Any CPU
		{7CE46C19-BCAB-4D7B-9F2B-517944D96E50}.Release|Any CPU.ActiveCfg = Release|Any CPU
		{7CE46C19-BCAB-4D7B-9F2B-517944D96E50}.Release|Any CPU.Build.0 = Release|Any CPU
		{8AF46C19-BCAB-4D7B-9F2B-517944D96E51}.Debug|Any CPU.ActiveCfg = Debug|Any CPU
		{8AF46C19-BCAB-4D7B-9F2B-517944D96E51}.Debug|Any CPU.Build.0 = Debug|Any CPU
		{8AF46C19-BCAB-4D7B-9F2B-517944D96E51}.Release|Any CPU.ActiveCfg = Release|Any CPU
		{8AF46C19-BCAB-4D7B-9F2B-517944D96E51}.Release|Any CPU.Build.0 = Release|Any CPU
		{2D119A70-2AB8-40D6-B166-25186F45BBD8}.Debug|Any CPU.ActiveCfg = Debug|Any CPU
		{2D119A70-2AB8-40D6-B166-25186F45BBD8}.Debug|Any CPU.Build.0 = Debug|Any CPU
		{2D119A70-2AB8-40D6-B166-25186F45BBD8}.Release|Any CPU.ActiveCfg = Release|Any CPU
		{2D119A70-2AB8-40D6-B166-25186F45BBD8}.Release|Any CPU.Build.0 = Release|Any CPU
		{F6B8EE4D-0219-4721-B1BA-97FF4C76A4D3}.Debug|Any CPU.ActiveCfg = Debug|Any CPU
		{F6B8EE4D-0219-4721-B1BA-97FF4C76A4D3}.Debug|Any CPU.Build.0 = Debug|Any CPU
		{F6B8EE4D-0219-4721-B1BA-97FF4C76A4D3}.Release|Any CPU.ActiveCfg = Release|Any CPU
		{F6B8EE4D-0219-4721-B1BA-97FF4C76A4D3}.Release|Any CPU.Build.0 = Release|Any CPU
		{573F13B7-1397-41D5-A9C0-A34AC62E70FB}.Debug|Any CPU.ActiveCfg = Debug|Any CPU
		{573F13B7-1397-41D5-A9C0-A34AC62E70FB}.Debug|Any CPU.Build.0 = Debug|Any CPU
		{573F13B7-1397-41D5-A9C0-A34AC62E70FB}.Release|Any CPU.ActiveCfg = Release|Any CPU
		{573F13B7-1397-41D5-A9C0-A34AC62E70FB}.Release|Any CPU.Build.0 = Release|Any CPU
		{BE8DCF52-D8D8-49E9-9659-7F7061D5C4BB}.Debug|Any CPU.ActiveCfg = Debug|Any CPU
		{BE8DCF52-D8D8-49E9-9659-7F7061D5C4BB}.Debug|Any CPU.Build.0 = Debug|Any CPU
		{BE8DCF52-D8D8-49E9-9659-7F7061D5C4BB}.Release|Any CPU.ActiveCfg = Release|Any CPU
		{BE8DCF52-D8D8-49E9-9659-7F7061D5C4BB}.Release|Any CPU.Build.0 = Release|Any CPU
		{0E8F57ED-A919-44B0-9FF9-5DF3708C3E35}.Debug|Any CPU.ActiveCfg = Debug|Any CPU
		{0E8F57ED-A919-44B0-9FF9-5DF3708C3E35}.Debug|Any CPU.Build.0 = Debug|Any CPU
		{0E8F57ED-A919-44B0-9FF9-5DF3708C3E35}.Release|Any CPU.ActiveCfg = Release|Any CPU
		{0E8F57ED-A919-44B0-9FF9-5DF3708C3E35}.Release|Any CPU.Build.0 = Release|Any CPU
		{1E8F57ED-A919-44B0-9FF9-5DF3708C3E36}.Debug|Any CPU.ActiveCfg = Debug|Any CPU
		{1E8F57ED-A919-44B0-9FF9-5DF3708C3E36}.Debug|Any CPU.Build.0 = Debug|Any CPU
		{1E8F57ED-A919-44B0-9FF9-5DF3708C3E36}.Release|Any CPU.ActiveCfg = Release|Any CPU
		{1E8F57ED-A919-44B0-9FF9-5DF3708C3E36}.Release|Any CPU.Build.0 = Release|Any CPU
		{2E8F57ED-A919-44B0-9FF9-5DF3708C3E37}.Debug|Any CPU.ActiveCfg = Debug|Any CPU
		{2E8F57ED-A919-44B0-9FF9-5DF3708C3E37}.Debug|Any CPU.Build.0 = Debug|Any CPU
		{2E8F57ED-A919-44B0-9FF9-5DF3708C3E37}.Release|Any CPU.ActiveCfg = Release|Any CPU
		{2E8F57ED-A919-44B0-9FF9-5DF3708C3E37}.Release|Any CPU.Build.0 = Release|Any CPU
	EndGlobalSection
	GlobalSection(NestedProjects) = preSolution
		{3DDB4BDA-C74A-44D4-B63F-814B5DE4DE6B} = {95B00EAD-8B24-48CE-A422-7212E0C2F869}
		{3806F8DD-A892-4ED3-8E89-3D74C7BA0FDC} = {3DDB4BDA-C74A-44D4-B63F-814B5DE4DE6B}
		{BD65F804-D034-413A-BA5E-66E1D3E8BCC5} = {3DDB4BDA-C74A-44D4-B63F-814B5DE4DE6B}
		{2D113F70-4B98-4DEB-9477-D44432916BB6} = {3DDB4BDA-C74A-44D4-B63F-814B5DE4DE6B}
		{62F97DCC-CC49-40FE-A559-A5E65D6C8D0B} = {3DDB4BDA-C74A-44D4-B63F-814B5DE4DE6B}
		{7CE46C19-BCAB-4D7B-9F2B-517944D96E50} = {3DDB4BDA-C74A-44D4-B63F-814B5DE4DE6B}
		{8AF46C19-BCAB-4D7B-9F2B-517944D96E51} = {3DDB4BDA-C74A-44D4-B63F-814B5DE4DE6B}
		{6DC18760-08A9-4C89-AA98-5290DA031F82} = {95B00EAD-8B24-48CE-A422-7212E0C2F869}
		{2D119A70-2AB8-40D6-B166-25186F45BBD8} = {6DC18760-08A9-4C89-AA98-5290DA031F82}
		{7CDF1AF1-7841-4624-B3B2-80706162F5BA} = {95B00EAD-8B24-48CE-A422-7212E0C2F869}
		{F6B8EE4D-0219-4721-B1BA-97FF4C76A4D3} = {7CDF1AF1-7841-4624-B3B2-80706162F5BA}
		{573F13B7-1397-41D5-A9C0-A34AC62E70FB} = {7CDF1AF1-7841-4624-B3B2-80706162F5BA}
		{BE8DCF52-D8D8-49E9-9659-7F7061D5C4BB} = {7CDF1AF1-7841-4624-B3B2-80706162F5BA}
		{5912892B-B8C0-4529-915D-81801980C256} = {95B00EAD-8B24-48CE-A422-7212E0C2F869}
		{0E8F57ED-A919-44B0-9FF9-5DF3708C3E35} = {5912892B-B8C0-4529-915D-81801980C256}
		{6912892B-B8C0-4529-915D-81801980C257} = {95B00EAD-8B24-48CE-A422-7212E0C2F869}
		{1E8F57ED-A919-44B0-9FF9-5DF3708C3E36} = {6912892B-B8C0-4529-915D-81801980C257}
		{7912892B-B8C0-4529-915D-81801980C258} = {95B00EAD-8B24-48CE-A422-7212E0C2F869}
		{2E8F57ED-A919-44B0-9FF9-5DF3708C3E37} = {7912892B-B8C0-4529-915D-81801980C258}
	EndGlobalSection
EndGlobal
